// !$*UTF8*$!
{
	archiveVersion = 1;
	classes = {
	};
	objectVersion = 46;
	objects = {

/* Begin PBXBuildFile section */
		23E776F71981F268000229F3 /* Foundation.framework in Frameworks */ = {isa = PBXBuildFile; fileRef = 23E776F61981F268000229F3 /* Foundation.framework */; };
		23E776FB1981F268000229F3 /* UIKit.framework in Frameworks */ = {isa = PBXBuildFile; fileRef = 23E776FA1981F268000229F3 /* UIKit.framework */; };
		23E777031981F268000229F3 /* main.m in Sources */ = {isa = PBXBuildFile; fileRef = 23E777021981F268000229F3 /* main.m */; };
		23E777071981F268000229F3 /* AppDelegate.m in Sources */ = {isa = PBXBuildFile; fileRef = 23E777061981F268000229F3 /* AppDelegate.m */; };
		23E777091981F268000229F3 /* Images.xcassets in Resources */ = {isa = PBXBuildFile; fileRef = 23E777081981F268000229F3 /* Images.xcassets */; };
		23E7772B1981F425000229F3 /* TKGeocoder.m in Sources */ = {isa = PBXBuildFile; fileRef = 23E777261981F425000229F3 /* TKGeocoder.m */; };
		23E7772C1981F425000229F3 /* TKLocator.m in Sources */ = {isa = PBXBuildFile; fileRef = 23E777281981F425000229F3 /* TKLocator.m */; };
		23E7772D1981F425000229F3 /* TKViewController.m in Sources */ = {isa = PBXBuildFile; fileRef = 23E7772A1981F425000229F3 /* TKViewController.m */; };
		6B7138FB43F44EB7AE3C7E65 /* libPods.a in Frameworks */ = {isa = PBXBuildFile; fileRef = D8F19E07D2E940E8B975CED7 /* libPods.a */; };
/* End PBXBuildFile section */

/* Begin PBXFileReference section */
		0C5106987C6746CB98A730C5 /* Pods.xcconfig */ = {isa = PBXFileReference; includeInIndex = 1; lastKnownFileType = text.xcconfig; name = Pods.xcconfig; path = Pods/Pods.xcconfig; sourceTree = "<group>"; };
		23E776F31981F268000229F3 /* LocateDemo.app */ = {isa = PBXFileReference; explicitFileType = wrapper.application; includeInIndex = 0; path = LocateDemo.app; sourceTree = BUILT_PRODUCTS_DIR; };
		23E776F61981F268000229F3 /* Foundation.framework */ = {isa = PBXFileReference; lastKnownFileType = wrapper.framework; name = Foundation.framework; path = System/Library/Frameworks/Foundation.framework; sourceTree = SDKROOT; };
		23E776FA1981F268000229F3 /* UIKit.framework */ = {isa = PBXFileReference; lastKnownFileType = wrapper.framework; name = UIKit.framework; path = System/Library/Frameworks/UIKit.framework; sourceTree = SDKROOT; };
		23E776FE1981F268000229F3 /* Info.plist */ = {isa = PBXFileReference; lastKnownFileType = text.plist.xml; path = Info.plist; sourceTree = "<group>"; };
		23E777021981F268000229F3 /* main.m */ = {isa = PBXFileReference; lastKnownFileType = sourcecode.c.objc; path = main.m; sourceTree = "<group>"; };
		23E777041981F268000229F3 /* Prefix.pch */ = {isa = PBXFileReference; lastKnownFileType = sourcecode.c.h; path = Prefix.pch; sourceTree = "<group>"; };
		23E777051981F268000229F3 /* AppDelegate.h */ = {isa = PBXFileReference; lastKnownFileType = sourcecode.c.h; path = AppDelegate.h; sourceTree = "<group>"; };
		23E777061981F268000229F3 /* AppDelegate.m */ = {isa = PBXFileReference; lastKnownFileType = sourcecode.c.objc; path = AppDelegate.m; sourceTree = "<group>"; };
		23E777081981F268000229F3 /* Images.xcassets */ = {isa = PBXFileReference; lastKnownFileType = folder.assetcatalog; path = Images.xcassets; sourceTree = "<group>"; };
		23E777251981F425000229F3 /* TKGeocoder.h */ = {isa = PBXFileReference; fileEncoding = 4; lastKnownFileType = sourcecode.c.h; path = TKGeocoder.h; sourceTree = "<group>"; };
		23E777261981F425000229F3 /* TKGeocoder.m */ = {isa = PBXFileReference; fileEncoding = 4; lastKnownFileType = sourcecode.c.objc; path = TKGeocoder.m; sourceTree = "<group>"; };
		23E777271981F425000229F3 /* TKLocator.h */ = {isa = PBXFileReference; fileEncoding = 4; lastKnownFileType = sourcecode.c.h; path = TKLocator.h; sourceTree = "<group>"; };
		23E777281981F425000229F3 /* TKLocator.m */ = {isa = PBXFileReference; fileEncoding = 4; lastKnownFileType = sourcecode.c.objc; path = TKLocator.m; sourceTree = "<group>"; };
		23E777291981F425000229F3 /* TKViewController.h */ = {isa = PBXFileReference; fileEncoding = 4; lastKnownFileType = sourcecode.c.h; path = TKViewController.h; sourceTree = "<group>"; };
		23E7772A1981F425000229F3 /* TKViewController.m */ = {isa = PBXFileReference; fileEncoding = 4; lastKnownFileType = sourcecode.c.objc; path = TKViewController.m; sourceTree = "<group>"; };
		D8F19E07D2E940E8B975CED7 /* libPods.a */ = {isa = PBXFileReference; explicitFileType = archive.ar; includeInIndex = 0; path = libPods.a; sourceTree = BUILT_PRODUCTS_DIR; };
/* End PBXFileReference section */

/* Begin PBXFrameworksBuildPhase section */
		23E776F01981F268000229F3 /* Frameworks */ = {
			isa = PBXFrameworksBuildPhase;
			buildActionMask = 2147483647;
			files = (
				23E776FB1981F268000229F3 /* UIKit.framework in Frameworks */,
				23E776F71981F268000229F3 /* Foundation.framework in Frameworks */,
				6B7138FB43F44EB7AE3C7E65 /* libPods.a in Frameworks */,
			);
			runOnlyForDeploymentPostprocessing = 0;
		};
/* End PBXFrameworksBuildPhase section */

/* Begin PBXGroup section */
		23E776EA1981F268000229F3 = {
			isa = PBXGroup;
			children = (
				23E776FC1981F268000229F3 /* LocateDemo */,
				23E776F51981F268000229F3 /* Frameworks */,
				23E776F41981F268000229F3 /* Products */,
				0C5106987C6746CB98A730C5 /* Pods.xcconfig */,
			);
			sourceTree = "<group>";
		};
		23E776F41981F268000229F3 /* Products */ = {
			isa = PBXGroup;
			children = (
				23E776F31981F268000229F3 /* LocateDemo.app */,
			);
			name = Products;
			sourceTree = "<group>";
		};
		23E776F51981F268000229F3 /* Frameworks */ = {
			isa = PBXGroup;
			children = (
				23E776F61981F268000229F3 /* Foundation.framework */,
				23E776FA1981F268000229F3 /* UIKit.framework */,
				D8F19E07D2E940E8B975CED7 /* libPods.a */,
			);
			name = Frameworks;
			sourceTree = "<group>";
		};
		23E776FC1981F268000229F3 /* LocateDemo */ = {
			isa = PBXGroup;
			children = (
				23E776FE1981F268000229F3 /* Info.plist */,
				23E777021981F268000229F3 /* main.m */,
				23E777041981F268000229F3 /* Prefix.pch */,
				23E777051981F268000229F3 /* AppDelegate.h */,
				23E777061981F268000229F3 /* AppDelegate.m */,
				23E777291981F425000229F3 /* TKViewController.h */,
				23E7772A1981F425000229F3 /* TKViewController.m */,
				23E777271981F425000229F3 /* TKLocator.h */,
				23E777281981F425000229F3 /* TKLocator.m */,
				23E777251981F425000229F3 /* TKGeocoder.h */,
				23E777261981F425000229F3 /* TKGeocoder.m */,
				23E777081981F268000229F3 /* Images.xcassets */,
			);
			path = LocateDemo;
			sourceTree = "<group>";
		};
/* End PBXGroup section */

/* Begin PBXNativeTarget section */
		23E776F21981F268000229F3 /* LocateDemo */ = {
			isa = PBXNativeTarget;
			buildConfigurationList = 23E7771F1981F269000229F3 /* Build configuration list for PBXNativeTarget "LocateDemo" */;
			buildPhases = (
				613B2B6089CE42C5A4AC2460 /* Check Pods Manifest.lock */,
				23E776EF1981F268000229F3 /* Sources */,
				23E776F01981F268000229F3 /* Frameworks */,
				23E776F11981F268000229F3 /* Resources */,
				4D1F4840C47149A8856C7ACE /* Copy Pods Resources */,
			);
			buildRules = (
			);
			dependencies = (
			);
			name = LocateDemo;
			productName = LocateDemo;
			productReference = 23E776F31981F268000229F3 /* LocateDemo.app */;
			productType = "com.apple.product-type.application";
		};
/* End PBXNativeTarget section */

/* Begin PBXProject section */
		23E776EB1981F268000229F3 /* Project object */ = {
			isa = PBXProject;
			attributes = {
				LastUpgradeCheck = 0510;
				ORGANIZATIONNAME = Tapmob;
			};
			buildConfigurationList = 23E776EE1981F268000229F3 /* Build configuration list for PBXProject "LocateDemo" */;
			compatibilityVersion = "Xcode 3.2";
			developmentRegion = English;
			hasScannedForEncodings = 0;
			knownRegions = (
				en,
			);
			mainGroup = 23E776EA1981F268000229F3;
			productRefGroup = 23E776F41981F268000229F3 /* Products */;
			projectDirPath = "";
			projectRoot = "";
			targets = (
				23E776F21981F268000229F3 /* LocateDemo */,
			);
		};
/* End PBXProject section */

/* Begin PBXResourcesBuildPhase section */
		23E776F11981F268000229F3 /* Resources */ = {
			isa = PBXResourcesBuildPhase;
			buildActionMask = 2147483647;
			files = (
				23E777091981F268000229F3 /* Images.xcassets in Resources */,
			);
			runOnlyForDeploymentPostprocessing = 0;
		};
/* End PBXResourcesBuildPhase section */

/* Begin PBXShellScriptBuildPhase section */
		4D1F4840C47149A8856C7ACE /* Copy Pods Resources */ = {
			isa = PBXShellScriptBuildPhase;
			buildActionMask = 2147483647;
			files = (
			);
			inputPaths = (
			);
			name = "Copy Pods Resources";
			outputPaths = (
			);
			runOnlyForDeploymentPostprocessing = 0;
			shellPath = /bin/sh;
			shellScript = "\"${SRCROOT}/Pods/Pods-resources.sh\"\n";
			showEnvVarsInLog = 0;
		};
		613B2B6089CE42C5A4AC2460 /* Check Pods Manifest.lock */ = {
			isa = PBXShellScriptBuildPhase;
			buildActionMask = 2147483647;
			files = (
			);
			inputPaths = (
			);
			name = "Check Pods Manifest.lock";
			outputPaths = (
			);
			runOnlyForDeploymentPostprocessing = 0;
			shellPath = /bin/sh;
			shellScript = "diff \"${PODS_ROOT}/../Podfile.lock\" \"${PODS_ROOT}/Manifest.lock\" > /dev/null\nif [[ $? != 0 ]] ; then\n    cat << EOM\nerror: The sandbox is not in sync with the Podfile.lock. Run 'pod install' or update your CocoaPods installation.\nEOM\n    exit 1\nfi\n";
			showEnvVarsInLog = 0;
		};
/* End PBXShellScriptBuildPhase section */

/* Begin PBXSourcesBuildPhase section */
		23E776EF1981F268000229F3 /* Sources */ = {
			isa = PBXSourcesBuildPhase;
			buildActionMask = 2147483647;
			files = (
				23E7772B1981F425000229F3 /* TKGeocoder.m in Sources */,
				23E7772D1981F425000229F3 /* TKViewController.m in Sources */,
				23E7772C1981F425000229F3 /* TKLocator.m in Sources */,
				23E777071981F268000229F3 /* AppDelegate.m in Sources */,
				23E777031981F268000229F3 /* main.m in Sources */,
			);
			runOnlyForDeploymentPostprocessing = 0;
		};
/* End PBXSourcesBuildPhase section */

/* Begin XCBuildConfiguration section */
		23E7771D1981F269000229F3 /* Debug */ = {
			isa = XCBuildConfiguration;
			buildSettings = {
				ALWAYS_SEARCH_USER_PATHS = NO;
				CLANG_CXX_LANGUAGE_STANDARD = "gnu++0x";
				CLANG_CXX_LIBRARY = "libc++";
				CLANG_ENABLE_MODULES = YES;
				CLANG_ENABLE_OBJC_ARC = YES;
				CLANG_WARN_BOOL_CONVERSION = YES;
				CLANG_WARN_CONSTANT_CONVERSION = YES;
				CLANG_WARN_DIRECT_OBJC_ISA_USAGE = YES_ERROR;
				CLANG_WARN_EMPTY_BODY = YES;
				CLANG_WARN_ENUM_CONVERSION = YES;
				CLANG_WARN_INT_CONVERSION = YES;
				CLANG_WARN_OBJC_ROOT_CLASS = YES_ERROR;
				CLANG_WARN__DUPLICATE_METHOD_MATCH = YES;
				"CODE_SIGN_IDENTITY[sdk=iphoneos*]" = "iPhone Developer";
				COPY_PHASE_STRIP = NO;
				GCC_C_LANGUAGE_STANDARD = gnu99;
				GCC_DYNAMIC_NO_PIC = NO;
				GCC_OPTIMIZATION_LEVEL = 0;
				GCC_PREPROCESSOR_DEFINITIONS = (
					"DEBUG=1",
					"$(inherited)",
				);
				GCC_SYMBOLS_PRIVATE_EXTERN = NO;
				GCC_WARN_64_TO_32_BIT_CONVERSION = YES;
				GCC_WARN_ABOUT_RETURN_TYPE = YES_ERROR;
				GCC_WARN_UNDECLARED_SELECTOR = YES;
				GCC_WARN_UNINITIALIZED_AUTOS = YES_AGGRESSIVE;
				GCC_WARN_UNUSED_FUNCTION = YES;
				GCC_WARN_UNUSED_VARIABLE = YES;
				IPHONEOS_DEPLOYMENT_TARGET = 7.1;
				ONLY_ACTIVE_ARCH = YES;
				SDKROOT = iphoneos;
			};
			name = Debug;
		};
		23E7771E1981F269000229F3 /* Release */ = {
			isa = XCBuildConfiguration;
			buildSettings = {
				ALWAYS_SEARCH_USER_PATHS = NO;
				CLANG_CXX_LANGUAGE_STANDARD = "gnu++0x";
				CLANG_CXX_LIBRARY = "libc++";
				CLANG_ENABLE_MODULES = YES;
				CLANG_ENABLE_OBJC_ARC = YES;
				CLANG_WARN_BOOL_CONVERSION = YES;
				CLANG_WARN_CONSTANT_CONVERSION = YES;
				CLANG_WARN_DIRECT_OBJC_ISA_USAGE = YES_ERROR;
				CLANG_WARN_EMPTY_BODY = YES;
				CLANG_WARN_ENUM_CONVERSION = YES;
				CLANG_WARN_INT_CONVERSION = YES;
				CLANG_WARN_OBJC_ROOT_CLASS = YES_ERROR;
				CLANG_WARN__DUPLICATE_METHOD_MATCH = YES;
				"CODE_SIGN_IDENTITY[sdk=iphoneos*]" = "iPhone Developer";
				COPY_PHASE_STRIP = YES;
				ENABLE_NS_ASSERTIONS = NO;
				GCC_C_LANGUAGE_STANDARD = gnu99;
				GCC_WARN_64_TO_32_BIT_CONVERSION = YES;
				GCC_WARN_ABOUT_RETURN_TYPE = YES_ERROR;
				GCC_WARN_UNDECLARED_SELECTOR = YES;
				GCC_WARN_UNINITIALIZED_AUTOS = YES_AGGRESSIVE;
				GCC_WARN_UNUSED_FUNCTION = YES;
				GCC_WARN_UNUSED_VARIABLE = YES;
				IPHONEOS_DEPLOYMENT_TARGET = 7.1;
				SDKROOT = iphoneos;
				VALIDATE_PRODUCT = YES;
			};
			name = Release;
		};
		23E777201981F269000229F3 /* Debug */ = {
			isa = XCBuildConfiguration;
			baseConfigurationReference = 0C5106987C6746CB98A730C5 /* Pods.xcconfig */;
			buildSettings = {
				ASSETCATALOG_COMPILER_APPICON_NAME = AppIcon;
				ASSETCATALOG_COMPILER_LAUNCHIMAGE_NAME = LaunchImage;
				GCC_PRECOMPILE_PREFIX_HEADER = YES;
				GCC_PREFIX_HEADER = LocateDemo/Prefix.pch;
				HEADER_SEARCH_PATHS = "$(inherited)";
				INFOPLIST_FILE = LocateDemo/Info.plist;
				IPHONEOS_DEPLOYMENT_TARGET = 6.0;
				PRODUCT_NAME = "$(TARGET_NAME)";
				WRAPPER_EXTENSION = app;
			};
			name = Debug;
		};
		23E777211981F269000229F3 /* Release */ = {
			isa = XCBuildConfiguration;
			baseConfigurationReference = 0C5106987C6746CB98A730C5 /* Pods.xcconfig */;
			buildSettings = {
				ASSETCATALOG_COMPILER_APPICON_NAME = AppIcon;
				ASSETCATALOG_COMPILER_LAUNCHIMAGE_NAME = LaunchImage;
				GCC_PRECOMPILE_PREFIX_HEADER = YES;
				GCC_PREFIX_HEADER = LocateDemo/Prefix.pch;
				HEADER_SEARCH_PATHS = "$(inherited)";
				INFOPLIST_FILE = LocateDemo/Info.plist;
				IPHONEOS_DEPLOYMENT_TARGET = 6.0;
				PRODUCT_NAME = "$(TARGET_NAME)";
				WRAPPER_EXTENSION = app;
			};
			name = Release;
		};
/* End XCBuildConfiguration section */

/* Begin XCConfigurationList section */
		23E776EE1981F268000229F3 /* Build configuration list for PBXProject "LocateDemo" */ = {
			isa = XCConfigurationList;
			buildConfigurations = (
				23E7771D1981F269000229F3 /* Debug */,
				23E7771E1981F269000229F3 /* Release */,
			);
			defaultConfigurationIsVisible = 0;
			defaultConfigurationName = Release;
		};
		23E7771F1981F269000229F3 /* Build configuration list for PBXNativeTarget "LocateDemo" */ = {
			isa = XCConfigurationList;
			buildConfigurations = (
				23E777201981F269000229F3 /* Debug */,
				23E777211981F269000229F3 /* Release */,
			);
			defaultConfigurationIsVisible = 0;
			defaultConfigurationName = Release;
		};
/* End XCConfigurationList section */
	};
	rootObject = 23E776EB1981F268000229F3 /* Project object */;
}
